
Microsoft Visual Studio Solution File, Format Version 12.00
# Visual Studio Version 16
VisualStudioVersion = 16.0.30611.23
MinimumVisualStudioVersion = 10.0.40219.1
Project("{FAE04EC0-301F-11D3-BF4B-00C04F79EFBC}") = "dotnet5781_02_2514_6512", "dotnet5781_00_2514_6512\dotnet5781_02_2514_6512.csproj", "{EF3D5759-E15F-4AF0-9999-9D72876453E7}"
EndProject
Project("{FAE04EC0-301F-11D3-BF4B-00C04F79EFBC}") = "dotnet5781_01_2514_6512", "dotnet5781_01_2514_6512\dotnet5781_01_2514_6512.csproj", "{5B21DF51-37C6-4CB4-93CE-4BDDE6EB7938}"
EndProject
Project("{FAE04EC0-301F-11D3-BF4B-00C04F79EFBC}") = "dotnet5781_03A_2514_6512", "dotnet5781_03A_2514_6512\dotnet5781_03A_2514_6512.csproj", "{60292CB0-060B-4C7A-A620-92A0157A57E7}"
EndProject
Project("{FAE04EC0-301F-11D3-BF4B-00C04F79EFBC}") = "dotnet5781_03B_2514_6512", "dotnet5781_03B_2514_6512\dotnet5781_03B_2514_6512.csproj", "{560A28E4-264B-4F65-A376-3494AD049016}"
EndProject
Global
	GlobalSection(SolutionConfigurationPlatforms) = preSolution
		Debug|Any CPU = Debug|Any CPU
		Release|Any CPU = Release|Any CPU
	EndGlobalSection
	GlobalSection(ProjectConfigurationPlatforms) = postSolution
		{EF3D5759-E15F-4AF0-9999-9D72876453E7}.Debug|Any CPU.ActiveCfg = Debug|Any CPU
		{EF3D5759-E15F-4AF0-9999-9D72876453E7}.Debug|Any CPU.Build.0 = Debug|Any CPU
		{EF3D5759-E15F-4AF0-9999-9D72876453E7}.Release|Any CPU.ActiveCfg = Release|Any CPU
		{EF3D5759-E15F-4AF0-9999-9D72876453E7}.Release|Any CPU.Build.0 = Release|Any CPU
		{5B21DF51-37C6-4CB4-93CE-4BDDE6EB7938}.Debug|Any CPU.ActiveCfg = Debug|Any CPU
		{5B21DF51-37C6-4CB4-93CE-4BDDE6EB7938}.Debug|Any CPU.Build.0 = Debug|Any CPU
		{5B21DF51-37C6-4CB4-93CE-4BDDE6EB7938}.Release|Any CPU.ActiveCfg = Release|Any CPU
		{5B21DF51-37C6-4CB4-93CE-4BDDE6EB7938}.Release|Any CPU.Build.0 = Release|Any CPU
		{60292CB0-060B-4C7A-A620-92A0157A57E7}.Debug|Any CPU.ActiveCfg = Debug|Any CPU
		{60292CB0-060B-4C7A-A620-92A0157A57E7}.Debug|Any CPU.Build.0 = Debug|Any CPU
		{60292CB0-060B-4C7A-A620-92A0157A57E7}.Release|Any CPU.ActiveCfg = Release|Any CPU
		{60292CB0-060B-4C7A-A620-92A0157A57E7}.Release|Any CPU.Build.0 = Release|Any CPU
		{560A28E4-264B-4F65-A376-3494AD049016}.Debug|Any CPU.ActiveCfg = Debug|Any CPU
		{560A28E4-264B-4F65-A376-3494AD049016}.Debug|Any CPU.Build.0 = Debug|Any CPU
		{560A28E4-264B-4F65-A376-3494AD049016}.Release|Any CPU.ActiveCfg = Release|Any CPU
		{560A28E4-264B-4F65-A376-3494AD049016}.Release|Any CPU.Build.0 = Release|Any CPU
	EndGlobalSection
	GlobalSection(SolutionProperties) = preSolution
		HideSolutionNode = FALSE
	EndGlobalSection
	GlobalSection(ExtensibilityGlobals) = postSolution
		SolutionGuid = {10954E39-E0AE-4730-B57E-4756BAA17F69}
	EndGlobalSection
EndGlobal
