
Microsoft Visual Studio Solution File, Format Version 12.00
# Visual Studio Version 16
VisualStudioVersion = 16.0.30611.23
MinimumVisualStudioVersion = 10.0.40219.1
Project("{FAE04EC0-301F-11D3-BF4B-00C04F79EFBC}") = "dotnet5781_02_2514_6512", "dotnet5781_00_2514_6512\dotnet5781_02_2514_6512.csproj", "{EF3D5759-E15F-4AF0-9999-9D72876453E7}"
EndProject
Project("{9A19103F-16F7-4668-BE54-9A1E7A4F7556}") = "dotnet5781_01_2514_6512", "dotnet5781_01_2514_6512\dotnet5781_01_2514_6512.csproj", "{5B21DF51-37C6-4CB4-93CE-4BDDE6EB7938}"
EndProject
Project("{FAE04EC0-301F-11D3-BF4B-00C04F79EFBC}") = "dotnet5781_03A_2514_6512", "dotnet5781_03A_2514_6512\dotnet5781_03A_2514_6512.csproj", "{60292CB0-060B-4C7A-A620-92A0157A57E7}"
EndProject
Project("{FAE04EC0-301F-11D3-BF4B-00C04F79EFBC}") = "dotnet5781_03B_2514_6512", "dotnet5781_03B_2514_6512\dotnet5781_03B_2514_6512.csproj", "{560A28E4-264B-4F65-A376-3494AD049016}"
EndProject
Project("{FAE04EC0-301F-11D3-BF4B-00C04F79EFBC}") = "BL", "BO\BL.csproj", "{FD434837-D40E-4D3B-AE13-3BE8D170DDE8}"
EndProject
Project("{FAE04EC0-301F-11D3-BF4B-00C04F79EFBC}") = "DS", "DS\DS.csproj", "{E7D87D22-4AA3-4B43-B21D-52FF4156D7FA}"
EndProject
Project("{FAE04EC0-301F-11D3-BF4B-00C04F79EFBC}") = "DLObject", "DalObject\DLObject.csproj", "{D4176BC2-EB17-479F-A087-1FBFE077ECCF}"
EndProject
Project("{FAE04EC0-301F-11D3-BF4B-00C04F79EFBC}") = "DLAPI", "DalApi\DLAPI.csproj", "{D147DB1E-AC9F-4F60-8ADE-C4727C8C1CFB}"
EndProject
Project("{FAE04EC0-301F-11D3-BF4B-00C04F79EFBC}") = "PL", "PL\PL.csproj", "{3E24EFAA-0FE6-457D-9D71-E3FCE8363EA8}"
EndProject
Project("{2150E333-8FDC-42A3-9474-1A3956D46DE8}") = "Solution Items", "Solution Items", "{B58A4960-3E02-4332-BDEB-691716AB7690}"
	ProjectSection(SolutionItems) = preProject
		config.xml = config.xml
	EndProjectSection
EndProject
Project("{FAE04EC0-301F-11D3-BF4B-00C04F79EFBC}") = "DLXML", "DLXML\DLXML.csproj", "{920A36EA-FF1F-46AB-A3B9-57320BB211CB}"
EndProject
Global
	GlobalSection(SolutionConfigurationPlatforms) = preSolution
		Debug|Any CPU = Debug|Any CPU
		Release|Any CPU = Release|Any CPU
	EndGlobalSection
	GlobalSection(ProjectConfigurationPlatforms) = postSolution
		{EF3D5759-E15F-4AF0-9999-9D72876453E7}.Debug|Any CPU.ActiveCfg = Debug|Any CPU
		{EF3D5759-E15F-4AF0-9999-9D72876453E7}.Debug|Any CPU.Build.0 = Debug|Any CPU
		{EF3D5759-E15F-4AF0-9999-9D72876453E7}.Release|Any CPU.ActiveCfg = Release|Any CPU
		{EF3D5759-E15F-4AF0-9999-9D72876453E7}.Release|Any CPU.Build.0 = Release|Any CPU
		{5B21DF51-37C6-4CB4-93CE-4BDDE6EB7938}.Debug|Any CPU.ActiveCfg = Debug|Any CPU
		{5B21DF51-37C6-4CB4-93CE-4BDDE6EB7938}.Debug|Any CPU.Build.0 = Debug|Any CPU
		{5B21DF51-37C6-4CB4-93CE-4BDDE6EB7938}.Release|Any CPU.ActiveCfg = Release|Any CPU
		{5B21DF51-37C6-4CB4-93CE-4BDDE6EB7938}.Release|Any CPU.Build.0 = Release|Any CPU
		{60292CB0-060B-4C7A-A620-92A0157A57E7}.Debug|Any CPU.ActiveCfg = Debug|Any CPU
		{60292CB0-060B-4C7A-A620-92A0157A57E7}.Debug|Any CPU.Build.0 = Debug|Any CPU
		{60292CB0-060B-4C7A-A620-92A0157A57E7}.Release|Any CPU.ActiveCfg = Release|Any CPU
		{60292CB0-060B-4C7A-A620-92A0157A57E7}.Release|Any CPU.Build.0 = Release|Any CPU
		{560A28E4-264B-4F65-A376-3494AD049016}.Debug|Any CPU.ActiveCfg = Debug|Any CPU
		{560A28E4-264B-4F65-A376-3494AD049016}.Debug|Any CPU.Build.0 = Debug|Any CPU
		{560A28E4-264B-4F65-A376-3494AD049016}.Release|Any CPU.ActiveCfg = Release|Any CPU
		{560A28E4-264B-4F65-A376-3494AD049016}.Release|Any CPU.Build.0 = Release|Any CPU
		{FD434837-D40E-4D3B-AE13-3BE8D170DDE8}.Debug|Any CPU.ActiveCfg = Debug|Any CPU
		{FD434837-D40E-4D3B-AE13-3BE8D170DDE8}.Debug|Any CPU.Build.0 = Debug|Any CPU
		{FD434837-D40E-4D3B-AE13-3BE8D170DDE8}.Release|Any CPU.ActiveCfg = Release|Any CPU
		{FD434837-D40E-4D3B-AE13-3BE8D170DDE8}.Release|Any CPU.Build.0 = Release|Any CPU
		{E7D87D22-4AA3-4B43-B21D-52FF4156D7FA}.Debug|Any CPU.ActiveCfg = Debug|Any CPU
		{E7D87D22-4AA3-4B43-B21D-52FF4156D7FA}.Debug|Any CPU.Build.0 = Debug|Any CPU
		{E7D87D22-4AA3-4B43-B21D-52FF4156D7FA}.Release|Any CPU.ActiveCfg = Release|Any CPU
		{E7D87D22-4AA3-4B43-B21D-52FF4156D7FA}.Release|Any CPU.Build.0 = Release|Any CPU
		{D4176BC2-EB17-479F-A087-1FBFE077ECCF}.Debug|Any CPU.ActiveCfg = Debug|Any CPU
		{D4176BC2-EB17-479F-A087-1FBFE077ECCF}.Debug|Any CPU.Build.0 = Debug|Any CPU
		{D4176BC2-EB17-479F-A087-1FBFE077ECCF}.Release|Any CPU.ActiveCfg = Release|Any CPU
		{D4176BC2-EB17-479F-A087-1FBFE077ECCF}.Release|Any CPU.Build.0 = Release|Any CPU
		{D147DB1E-AC9F-4F60-8ADE-C4727C8C1CFB}.Debug|Any CPU.ActiveCfg = Debug|Any CPU
		{D147DB1E-AC9F-4F60-8ADE-C4727C8C1CFB}.Debug|Any CPU.Build.0 = Debug|Any CPU
		{D147DB1E-AC9F-4F60-8ADE-C4727C8C1CFB}.Release|Any CPU.ActiveCfg = Release|Any CPU
		{D147DB1E-AC9F-4F60-8ADE-C4727C8C1CFB}.Release|Any CPU.Build.0 = Release|Any CPU
		{3E24EFAA-0FE6-457D-9D71-E3FCE8363EA8}.Debug|Any CPU.ActiveCfg = Debug|Any CPU
		{3E24EFAA-0FE6-457D-9D71-E3FCE8363EA8}.Debug|Any CPU.Build.0 = Debug|Any CPU
		{3E24EFAA-0FE6-457D-9D71-E3FCE8363EA8}.Release|Any CPU.ActiveCfg = Release|Any CPU
		{3E24EFAA-0FE6-457D-9D71-E3FCE8363EA8}.Release|Any CPU.Build.0 = Release|Any CPU
		{920A36EA-FF1F-46AB-A3B9-57320BB211CB}.Debug|Any CPU.ActiveCfg = Debug|Any CPU
		{920A36EA-FF1F-46AB-A3B9-57320BB211CB}.Debug|Any CPU.Build.0 = Debug|Any CPU
		{920A36EA-FF1F-46AB-A3B9-57320BB211CB}.Release|Any CPU.ActiveCfg = Release|Any CPU
		{920A36EA-FF1F-46AB-A3B9-57320BB211CB}.Release|Any CPU.Build.0 = Release|Any CPU
	EndGlobalSection
	GlobalSection(SolutionProperties) = preSolution
		HideSolutionNode = FALSE
	EndGlobalSection
	GlobalSection(ExtensibilityGlobals) = postSolution
		SolutionGuid = {10954E39-E0AE-4730-B57E-4756BAA17F69}
	EndGlobalSection
EndGlobal
